// !$*UTF8*$!
{
	archiveVersion = 1;
	classes = {
	};
	objectVersion = 46;
	objects = {

/* Begin PBXBuildFile section */
		C5A5DB41B9356636D12277F7 /* libPods-WhatForDinnerGMap.a in Frameworks */ = {isa = PBXBuildFile; fileRef = 117327722706A24EC7432CCB /* libPods-WhatForDinnerGMap.a */; };
		EB39DBA61EAFA6AA00B8FB38 /* FacebookPlacesSearchService.swift in Sources */ = {isa = PBXBuildFile; fileRef = EB39DBA51EAFA6AA00B8FB38 /* FacebookPlacesSearchService.swift */; };
		EB8159D41EAFA42700969284 /* AppDelegate.swift in Sources */ = {isa = PBXBuildFile; fileRef = EB8159D31EAFA42700969284 /* AppDelegate.swift */; };
		EB8159D61EAFA42700969284 /* ViewController.swift in Sources */ = {isa = PBXBuildFile; fileRef = EB8159D51EAFA42700969284 /* ViewController.swift */; };
		EB8159D91EAFA42800969284 /* Main.storyboard in Resources */ = {isa = PBXBuildFile; fileRef = EB8159D71EAFA42800969284 /* Main.storyboard */; };
		EB8159DB1EAFA42800969284 /* Assets.xcassets in Resources */ = {isa = PBXBuildFile; fileRef = EB8159DA1EAFA42800969284 /* Assets.xcassets */; };
		EB8159DE1EAFA42800969284 /* LaunchScreen.storyboard in Resources */ = {isa = PBXBuildFile; fileRef = EB8159DC1EAFA42800969284 /* LaunchScreen.storyboard */; };
		EB8159E61EAFA45F00969284 /* Podfile in Resources */ = {isa = PBXBuildFile; fileRef = EB8159E51EAFA45F00969284 /* Podfile */; };
/* End PBXBuildFile section */

/* Begin PBXFileReference section */
		117327722706A24EC7432CCB /* libPods-WhatForDinnerGMap.a */ = {isa = PBXFileReference; explicitFileType = archive.ar; includeInIndex = 0; path = "libPods-WhatForDinnerGMap.a"; sourceTree = BUILT_PRODUCTS_DIR; };
		3CA2C009119A5A9B984F7EE4 /* Pods-WhatForDinnerGMap.debug.xcconfig */ = {isa = PBXFileReference; includeInIndex = 1; lastKnownFileType = text.xcconfig; name = "Pods-WhatForDinnerGMap.debug.xcconfig"; path = "Pods/Target Support Files/Pods-WhatForDinnerGMap/Pods-WhatForDinnerGMap.debug.xcconfig"; sourceTree = "<group>"; };
		E0CC25C570A8DCAE8A441EC5 /* Pods-WhatForDinnerGMap.release.xcconfig */ = {isa = PBXFileReference; includeInIndex = 1; lastKnownFileType = text.xcconfig; name = "Pods-WhatForDinnerGMap.release.xcconfig"; path = "Pods/Target Support Files/Pods-WhatForDinnerGMap/Pods-WhatForDinnerGMap.release.xcconfig"; sourceTree = "<group>"; };
		EB39DBA51EAFA6AA00B8FB38 /* FacebookPlacesSearchService.swift */ = {isa = PBXFileReference; fileEncoding = 4; lastKnownFileType = sourcecode.swift; path = FacebookPlacesSearchService.swift; sourceTree = "<group>"; };
		EB8159D01EAFA42700969284 /* WhatForDinnerGMap.app */ = {isa = PBXFileReference; explicitFileType = wrapper.application; includeInIndex = 0; path = WhatForDinnerGMap.app; sourceTree = BUILT_PRODUCTS_DIR; };
		EB8159D31EAFA42700969284 /* AppDelegate.swift */ = {isa = PBXFileReference; lastKnownFileType = sourcecode.swift; path = AppDelegate.swift; sourceTree = "<group>"; };
		EB8159D51EAFA42700969284 /* ViewController.swift */ = {isa = PBXFileReference; lastKnownFileType = sourcecode.swift; path = ViewController.swift; sourceTree = "<group>"; };
		EB8159D81EAFA42800969284 /* Base */ = {isa = PBXFileReference; lastKnownFileType = file.storyboard; name = Base; path = Base.lproj/Main.storyboard; sourceTree = "<group>"; };
		EB8159DA1EAFA42800969284 /* Assets.xcassets */ = {isa = PBXFileReference; lastKnownFileType = folder.assetcatalog; path = Assets.xcassets; sourceTree = "<group>"; };
		EB8159DD1EAFA42800969284 /* Base */ = {isa = PBXFileReference; lastKnownFileType = file.storyboard; name = Base; path = Base.lproj/LaunchScreen.storyboard; sourceTree = "<group>"; };
		EB8159DF1EAFA42800969284 /* Info.plist */ = {isa = PBXFileReference; lastKnownFileType = text.plist.xml; path = Info.plist; sourceTree = "<group>"; };
		EB8159E51EAFA45F00969284 /* Podfile */ = {isa = PBXFileReference; fileEncoding = 4; lastKnownFileType = text; path = Podfile; sourceTree = "<group>"; xcLanguageSpecificationIdentifier = xcode.lang.ruby; };
/* End PBXFileReference section */

/* Begin PBXFrameworksBuildPhase section */
		EB8159CD1EAFA42700969284 /* Frameworks */ = {
			isa = PBXFrameworksBuildPhase;
			buildActionMask = 2147483647;
			files = (
				C5A5DB41B9356636D12277F7 /* libPods-WhatForDinnerGMap.a in Frameworks */,
			);
			runOnlyForDeploymentPostprocessing = 0;
		};
/* End PBXFrameworksBuildPhase section */

/* Begin PBXGroup section */
		3464E7FA0FB49CA66113F355 /* Pods */ = {
			isa = PBXGroup;
			children = (
				3CA2C009119A5A9B984F7EE4 /* Pods-WhatForDinnerGMap.debug.xcconfig */,
				E0CC25C570A8DCAE8A441EC5 /* Pods-WhatForDinnerGMap.release.xcconfig */,
			);
			name = Pods;
			sourceTree = "<group>";
		};
		8C4541B74AE5A57D36736874 /* Frameworks */ = {
			isa = PBXGroup;
			children = (
				117327722706A24EC7432CCB /* libPods-WhatForDinnerGMap.a */,
			);
			name = Frameworks;
			sourceTree = "<group>";
		};
		EB8159C71EAFA42700969284 = {
			isa = PBXGroup;
			children = (
				EB8159E51EAFA45F00969284 /* Podfile */,
				EB8159D21EAFA42700969284 /* WhatForDinnerGMap */,
				EB8159D11EAFA42700969284 /* Products */,
				3464E7FA0FB49CA66113F355 /* Pods */,
				8C4541B74AE5A57D36736874 /* Frameworks */,
			);
			sourceTree = "<group>";
		};
		EB8159D11EAFA42700969284 /* Products */ = {
			isa = PBXGroup;
			children = (
				EB8159D01EAFA42700969284 /* WhatForDinnerGMap.app */,
			);
			name = Products;
			sourceTree = "<group>";
		};
		EB8159D21EAFA42700969284 /* WhatForDinnerGMap */ = {
			isa = PBXGroup;
			children = (
				EB8159D31EAFA42700969284 /* AppDelegate.swift */,
				EB8159D51EAFA42700969284 /* ViewController.swift */,
				EB39DBA51EAFA6AA00B8FB38 /* FacebookPlacesSearchService.swift */,
				EB8159D71EAFA42800969284 /* Main.storyboard */,
				EB8159DA1EAFA42800969284 /* Assets.xcassets */,
				EB8159DC1EAFA42800969284 /* LaunchScreen.storyboard */,
				EB8159DF1EAFA42800969284 /* Info.plist */,
			);
			path = WhatForDinnerGMap;
			sourceTree = "<group>";
		};
/* End PBXGroup section */

/* Begin PBXNativeTarget section */
		EB8159CF1EAFA42700969284 /* WhatForDinnerGMap */ = {
			isa = PBXNativeTarget;
			buildConfigurationList = EB8159E21EAFA42800969284 /* Build configuration list for PBXNativeTarget "WhatForDinnerGMap" */;
			buildPhases = (
				3282E37A4C98CDA0A52506A4 /* [CP] Check Pods Manifest.lock */,
				EB8159CC1EAFA42700969284 /* Sources */,
				EB8159CD1EAFA42700969284 /* Frameworks */,
				EB8159CE1EAFA42700969284 /* Resources */,
				E0263C3E693B136AFB65FE65 /* [CP] Embed Pods Frameworks */,
				2ED90A2054B780A5C999F57A /* [CP] Copy Pods Resources */,
			);
			buildRules = (
			);
			dependencies = (
			);
			name = WhatForDinnerGMap;
			productName = WhatForDinnerGMap;
			productReference = EB8159D01EAFA42700969284 /* WhatForDinnerGMap.app */;
			productType = "com.apple.product-type.application";
		};
/* End PBXNativeTarget section */

/* Begin PBXProject section */
		EB8159C81EAFA42700969284 /* Project object */ = {
			isa = PBXProject;
			attributes = {
				LastSwiftUpdateCheck = 0830;
				LastUpgradeCheck = 0830;
				ORGANIZATIONNAME = "Michael Cheng";
				TargetAttributes = {
					EB8159CF1EAFA42700969284 = {
						CreatedOnToolsVersion = 8.3.1;
						DevelopmentTeam = D7K3E54878;
						ProvisioningStyle = Automatic;
					};
				};
			};
			buildConfigurationList = EB8159CB1EAFA42700969284 /* Build configuration list for PBXProject "WhatForDinnerGMap" */;
			compatibilityVersion = "Xcode 3.2";
			developmentRegion = English;
			hasScannedForEncodings = 0;
			knownRegions = (
				en,
				Base,
			);
			mainGroup = EB8159C71EAFA42700969284;
			productRefGroup = EB8159D11EAFA42700969284 /* Products */;
			projectDirPath = "";
			projectRoot = "";
			targets = (
				EB8159CF1EAFA42700969284 /* WhatForDinnerGMap */,
			);
		};
/* End PBXProject section */

/* Begin PBXResourcesBuildPhase section */
		EB8159CE1EAFA42700969284 /* Resources */ = {
			isa = PBXResourcesBuildPhase;
			buildActionMask = 2147483647;
			files = (
				EB8159DE1EAFA42800969284 /* LaunchScreen.storyboard in Resources */,
				EB8159DB1EAFA42800969284 /* Assets.xcassets in Resources */,
				EB8159E61EAFA45F00969284 /* Podfile in Resources */,
				EB8159D91EAFA42800969284 /* Main.storyboard in Resources */,
			);
			runOnlyForDeploymentPostprocessing = 0;
		};
/* End PBXResourcesBuildPhase section */

/* Begin PBXShellScriptBuildPhase section */
		2ED90A2054B780A5C999F57A /* [CP] Copy Pods Resources */ = {
			isa = PBXShellScriptBuildPhase;
			buildActionMask = 2147483647;
			files = (
			);
			inputPaths = (
			);
			name = "[CP] Copy Pods Resources";
			outputPaths = (
			);
			runOnlyForDeploymentPostprocessing = 0;
			shellPath = /bin/sh;
			shellScript = "\"${SRCROOT}/Pods/Target Support Files/Pods-WhatForDinnerGMap/Pods-WhatForDinnerGMap-resources.sh\"\n";
			showEnvVarsInLog = 0;
		};
		3282E37A4C98CDA0A52506A4 /* [CP] Check Pods Manifest.lock */ = {
			isa = PBXShellScriptBuildPhase;
			buildActionMask = 2147483647;
			files = (
			);
			inputPaths = (
			);
			name = "[CP] Check Pods Manifest.lock";
			outputPaths = (
			);
			runOnlyForDeploymentPostprocessing = 0;
			shellPath = /bin/sh;
			shellScript = "diff \"${PODS_PODFILE_DIR_PATH}/Podfile.lock\" \"${PODS_ROOT}/Manifest.lock\" > /dev/null\nif [ $? != 0 ] ; then\n    # print error to STDERR\n    echo \"error: The sandbox is not in sync with the Podfile.lock. Run 'pod install' or update your CocoaPods installation.\" >&2\n    exit 1\nfi\n";
			showEnvVarsInLog = 0;
		};
		E0263C3E693B136AFB65FE65 /* [CP] Embed Pods Frameworks */ = {
			isa = PBXShellScriptBuildPhase;
			buildActionMask = 2147483647;
			files = (
			);
			inputPaths = (
			);
			name = "[CP] Embed Pods Frameworks";
			outputPaths = (
			);
			runOnlyForDeploymentPostprocessing = 0;
			shellPath = /bin/sh;
			shellScript = "\"${SRCROOT}/Pods/Target Support Files/Pods-WhatForDinnerGMap/Pods-WhatForDinnerGMap-frameworks.sh\"\n";
			showEnvVarsInLog = 0;
		};
/* End PBXShellScriptBuildPhase section */

/* Begin PBXSourcesBuildPhase section */
		EB8159CC1EAFA42700969284 /* Sources */ = {
			isa = PBXSourcesBuildPhase;
			buildActionMask = 2147483647;
			files = (
				EB39DBA61EAFA6AA00B8FB38 /* FacebookPlacesSearchService.swift in Sources */,
				EB8159D61EAFA42700969284 /* ViewController.swift in Sources */,
				EB8159D41EAFA42700969284 /* AppDelegate.swift in Sources */,
			);
			runOnlyForDeploymentPostprocessing = 0;
		};
/* End PBXSourcesBuildPhase section */

/* Begin PBXVariantGroup section */
		EB8159D71EAFA42800969284 /* Main.storyboard */ = {
			isa = PBXVariantGroup;
			children = (
				EB8159D81EAFA42800969284 /* Base */,
			);
			name = Main.storyboard;
			sourceTree = "<group>";
		};
		EB8159DC1EAFA42800969284 /* LaunchScreen.storyboard */ = {
			isa = PBXVariantGroup;
			children = (
				EB8159DD1EAFA42800969284 /* Base */,
			);
			name = LaunchScreen.storyboard;
			sourceTree = "<group>";
		};
/* End PBXVariantGroup section */

/* Begin XCBuildConfiguration section */
		EB8159E01EAFA42800969284 /* Debug */ = {
			isa = XCBuildConfiguration;
			buildSettings = {
				ALWAYS_SEARCH_USER_PATHS = NO;
				CLANG_ANALYZER_NONNULL = YES;
				CLANG_ANALYZER_NUMBER_OBJECT_CONVERSION = YES_AGGRESSIVE;
				CLANG_CXX_LANGUAGE_STANDARD = "gnu++0x";
				CLANG_CXX_LIBRARY = "libc++";
				CLANG_ENABLE_MODULES = YES;
				CLANG_ENABLE_OBJC_ARC = YES;
				CLANG_WARN_BOOL_CONVERSION = YES;
				CLANG_WARN_CONSTANT_CONVERSION = YES;
				CLANG_WARN_DIRECT_OBJC_ISA_USAGE = YES_ERROR;
				CLANG_WARN_DOCUMENTATION_COMMENTS = YES;
				CLANG_WARN_EMPTY_BODY = YES;
				CLANG_WARN_ENUM_CONVERSION = YES;
				CLANG_WARN_INFINITE_RECURSION = YES;
				CLANG_WARN_INT_CONVERSION = YES;
				CLANG_WARN_OBJC_ROOT_CLASS = YES_ERROR;
				CLANG_WARN_SUSPICIOUS_MOVE = YES;
				CLANG_WARN_UNREACHABLE_CODE = YES;
				CLANG_WARN__DUPLICATE_METHOD_MATCH = YES;
				"CODE_SIGN_IDENTITY[sdk=iphoneos*]" = "iPhone Developer";
				COPY_PHASE_STRIP = NO;
				DEBUG_INFORMATION_FORMAT = dwarf;
				ENABLE_STRICT_OBJC_MSGSEND = YES;
				ENABLE_TESTABILITY = YES;
				GCC_C_LANGUAGE_STANDARD = gnu99;
				GCC_DYNAMIC_NO_PIC = NO;
				GCC_NO_COMMON_BLOCKS = YES;
				GCC_OPTIMIZATION_LEVEL = 0;
				GCC_PREPROCESSOR_DEFINITIONS = (
					"DEBUG=1",
					"$(inherited)",
				);
				GCC_WARN_64_TO_32_BIT_CONVERSION = YES;
				GCC_WARN_ABOUT_RETURN_TYPE = YES_ERROR;
				GCC_WARN_UNDECLARED_SELECTOR = YES;
				GCC_WARN_UNINITIALIZED_AUTOS = YES_AGGRESSIVE;
				GCC_WARN_UNUSED_FUNCTION = YES;
				GCC_WARN_UNUSED_VARIABLE = YES;
				IPHONEOS_DEPLOYMENT_TARGET = 10.3;
				MTL_ENABLE_DEBUG_INFO = YES;
				ONLY_ACTIVE_ARCH = YES;
				SDKROOT = iphoneos;
				SWIFT_ACTIVE_COMPILATION_CONDITIONS = DEBUG;
				SWIFT_OPTIMIZATION_LEVEL = "-Onone";
				TARGETED_DEVICE_FAMILY = "1,2";
			};
			name = Debug;
		};
		EB8159E11EAFA42800969284 /* Release */ = {
			isa = XCBuildConfiguration;
			buildSettings = {
				ALWAYS_SEARCH_USER_PATHS = NO;
				CLANG_ANALYZER_NONNULL = YES;
				CLANG_ANALYZER_NUMBER_OBJECT_CONVERSION = YES_AGGRESSIVE;
				CLANG_CXX_LANGUAGE_STANDARD = "gnu++0x";
				CLANG_CXX_LIBRARY = "libc++";
				CLANG_ENABLE_MODULES = YES;
				CLANG_ENABLE_OBJC_ARC = YES;
				CLANG_WARN_BOOL_CONVERSION = YES;
				CLANG_WARN_CONSTANT_CONVERSION = YES;
				CLANG_WARN_DIRECT_OBJC_ISA_USAGE = YES_ERROR;
				CLANG_WARN_DOCUMENTATION_COMMENTS = YES;
				CLANG_WARN_EMPTY_BODY = YES;
				CLANG_WARN_ENUM_CONVERSION = YES;
				CLANG_WARN_INFINITE_RECURSION = YES;
				CLANG_WARN_INT_CONVERSION = YES;
				CLANG_WARN_OBJC_ROOT_CLASS = YES_ERROR;
				CLANG_WARN_SUSPICIOUS_MOVE = YES;
				CLANG_WARN_UNREACHABLE_CODE = YES;
				CLANG_WARN__DUPLICATE_METHOD_MATCH = YES;
				"CODE_SIGN_IDENTITY[sdk=iphoneos*]" = "iPhone Developer";
				COPY_PHASE_STRIP = NO;
				DEBUG_INFORMATION_FORMAT = "dwarf-with-dsym";
				ENABLE_NS_ASSERTIONS = NO;
				ENABLE_STRICT_OBJC_MSGSEND = YES;
				GCC_C_LANGUAGE_STANDARD = gnu99;
				GCC_NO_COMMON_BLOCKS = YES;
				GCC_WARN_64_TO_32_BIT_CONVERSION = YES;
				GCC_WARN_ABOUT_RETURN_TYPE = YES_ERROR;
				GCC_WARN_UNDECLARED_SELECTOR = YES;
				GCC_WARN_UNINITIALIZED_AUTOS = YES_AGGRESSIVE;
				GCC_WARN_UNUSED_FUNCTION = YES;
				GCC_WARN_UNUSED_VARIABLE = YES;
				IPHONEOS_DEPLOYMENT_TARGET = 10.3;
				MTL_ENABLE_DEBUG_INFO = NO;
				SDKROOT = iphoneos;
				SWIFT_OPTIMIZATION_LEVEL = "-Owholemodule";
				TARGETED_DEVICE_FAMILY = "1,2";
				VALIDATE_PRODUCT = YES;
			};
			name = Release;
		};
		EB8159E31EAFA42800969284 /* Debug */ = {
			isa = XCBuildConfiguration;
			baseConfigurationReference = 3CA2C009119A5A9B984F7EE4 /* Pods-WhatForDinnerGMap.debug.xcconfig */;
			buildSettings = {
				ASSETCATALOG_COMPILER_APPICON_NAME = AppIcon;
				DEVELOPMENT_TEAM = D7K3E54878;
				INFOPLIST_FILE = WhatForDinnerGMap/Info.plist;
				LD_RUNPATH_SEARCH_PATHS = "$(inherited) @executable_path/Frameworks";
				PRODUCT_BUNDLE_IDENTIFIER = mcheng916.WhatForDinnerGMap;
				PRODUCT_NAME = "$(TARGET_NAME)";
				SWIFT_VERSION = 3.0;
			};
			name = Debug;
		};
		EB8159E41EAFA42800969284 /* Release */ = {
			isa = XCBuildConfiguration;
			baseConfigurationReference = E0CC25C570A8DCAE8A441EC5 /* Pods-WhatForDinnerGMap.release.xcconfig */;
			buildSettings = {
				ASSETCATALOG_COMPILER_APPICON_NAME = AppIcon;
				DEVELOPMENT_TEAM = D7K3E54878;
				INFOPLIST_FILE = WhatForDinnerGMap/Info.plist;
				LD_RUNPATH_SEARCH_PATHS = "$(inherited) @executable_path/Frameworks";
				PRODUCT_BUNDLE_IDENTIFIER = mcheng916.WhatForDinnerGMap;
				PRODUCT_NAME = "$(TARGET_NAME)";
				SWIFT_VERSION = 3.0;
			};
			name = Release;
		};
/* End XCBuildConfiguration section */

/* Begin XCConfigurationList section */
		EB8159CB1EAFA42700969284 /* Build configuration list for PBXProject "WhatForDinnerGMap" */ = {
			isa = XCConfigurationList;
			buildConfigurations = (
				EB8159E01EAFA42800969284 /* Debug */,
				EB8159E11EAFA42800969284 /* Release */,
			);
			defaultConfigurationIsVisible = 0;
			defaultConfigurationName = Release;
		};
		EB8159E21EAFA42800969284 /* Build configuration list for PBXNativeTarget "WhatForDinnerGMap" */ = {
			isa = XCConfigurationList;
			buildConfigurations = (
				EB8159E31EAFA42800969284 /* Debug */,
				EB8159E41EAFA42800969284 /* Release */,
			);
			defaultConfigurationIsVisible = 0;
			defaultConfigurationName = Release;
		};
/* End XCConfigurationList section */
	};
	rootObject = EB8159C81EAFA42700969284 /* Project object */;
}
